
Microsoft Visual Studio Solution File, Format Version 12.00
# Visual Studio Version 17
VisualStudioVersion = 17.3.32728.150
MinimumVisualStudioVersion = 10.0.40219.1
Project("{FAE04EC0-301F-11D3-BF4B-00C04F79EFBC}") = "PheggCore", "PheggCore\PheggCore.csproj", "{ACC0BB7B-502A-43BF-97F3-9E3CFAA82B3B}"
EndProject
Global
	GlobalSection(SolutionConfigurationPlatforms) = preSolution
		Debug|Any CPU = Debug|Any CPU
		Release|Any CPU = Release|Any CPU
	EndGlobalSection
	GlobalSection(ProjectConfigurationPlatforms) = postSolution
		{ACC0BB7B-502A-43BF-97F3-9E3CFAA82B3B}.Debug|Any CPU.ActiveCfg = Debug|Any CPU
		{ACC0BB7B-502A-43BF-97F3-9E3CFAA82B3B}.Debug|Any CPU.Build.0 = Debug|Any CPU
		{ACC0BB7B-502A-43BF-97F3-9E3CFAA82B3B}.Release|Any CPU.ActiveCfg = Release|Any CPU
		{ACC0BB7B-502A-43BF-97F3-9E3CFAA82B3B}.Release|Any CPU.Build.0 = Release|Any CPU
	EndGlobalSection
	GlobalSection(SolutionProperties) = preSolution
		HideSolutionNode = FALSE
	EndGlobalSection
	GlobalSection(ExtensibilityGlobals) = postSolution
		SolutionGuid = {DE3D45EA-CE18-411D-BF13-6E9AB50B5AF2}
	EndGlobalSection
EndGlobal
